
Microsoft Visual Studio Solution File, Format Version 12.00
# Visual Studio Version 17
VisualStudioVersion = 17.14.36301.6 d17.14
MinimumVisualStudioVersion = 10.0.40219.1
Project("{FAE04EC0-301F-11D3-BF4B-00C04F79EFBC}") = "Lab1Geometry", "Lab1Geometry\Lab1Geometry.csproj", "{17D4271A-B1C7-46DD-AC88-73C70EAFE75F}"
EndProject
Global
	GlobalSection(SolutionConfigurationPlatforms) = preSolution
		Debug|Any CPU = Debug|Any CPU
		Release|Any CPU = Release|Any CPU
	EndGlobalSection
	GlobalSection(ProjectConfigurationPlatforms) = postSolution
		{17D4271A-B1C7-46DD-AC88-73C70EAFE75F}.Debug|Any CPU.ActiveCfg = Debug|Any CPU
		{17D4271A-B1C7-46DD-AC88-73C70EAFE75F}.Debug|Any CPU.Build.0 = Debug|Any CPU
		{17D4271A-B1C7-46DD-AC88-73C70EAFE75F}.Release|Any CPU.ActiveCfg = Release|Any CPU
		{17D4271A-B1C7-46DD-AC88-73C70EAFE75F}.Release|Any CPU.Build.0 = Release|Any CPU
	EndGlobalSection
	GlobalSection(SolutionProperties) = preSolution
		HideSolutionNode = FALSE
	EndGlobalSection
	GlobalSection(ExtensibilityGlobals) = postSolution
		SolutionGuid = {893F50D4-3709-4A3A-B805-43C7728CA701}
	EndGlobalSection
EndGlobal
